# evidence-gate manifest - estado DESEJADO de ~/.claude
# gerado por install/manifest.sh; conferido por install/verify.sh
# tipo	origem	destino	sha256
hook	control/hooks/artifact-discipline.sh	hooks/artifact-discipline.sh	e64fcd952cc75cf363d61d399d0271b6f644013bc37fd39fe76310a8739ececc
hook	control/hooks/fable-guard.sh	hooks/fable-guard.sh	8d4a0cb16ec0ca7fc5d7db8c73eec32d601a0c4848be4bf7590021255add277b
hook	control/hooks/risk-trigger.sh	hooks/risk-trigger.sh	61a4c713fe597ee78ababa4441e9326f4c2de7448fcee4ff46d429541588827c
hook	control/hooks/self-mod-audit.sh	hooks/self-mod-audit.sh	6267201c3434ce7a8f77cf50216a96bb303ce9abcedb0153558dbf001681fe0c
hook	control/hooks/session-integrity.sh	hooks/session-integrity.sh	40f748b94e3da89316bbf630e7c72dee88df49e5048923a68d80ce4e7cc2845a
hook	execution/hooks/ds4-notify.sh	hooks/ds4-notify.sh	6cd9d9d53491c91b2fd7f6701cb69d424a41fb66647d74d4990d7208bf883b26
hook	execution/hooks/graphify-scout-mode.sh	hooks/graphify-scout-mode.sh	76b8954fb91719b35ee14ba443724ec80399f5713760813723bc5a80e8d6a84d
hook	execution/hooks/lentes.sh	hooks/lentes.sh	155f78b9a5f38090af56ff9967cfb2766ef56052266330abfad1fb7f3e395fcf
hook	execution/hooks/output-budget.sh	hooks/output-budget.sh	62a321cc6b504d2f2520a7ff8db045cb765671eb530dc5827fba206e8b0c3fcb
hook	execution/hooks/poka-yoke-lint.sh	hooks/poka-yoke-lint.sh	1fc83e6b1c085de08588722c3b05cbd97bd4045ac5c6fefb445d520ffb636981
hook	execution/hooks/read-budget.sh	hooks/read-budget.sh	e57372ddfba5168c611a30fedab058843d405f20dbb0c49ab9fa95966b159a5f
hook	evidence/hooks/subagent-contract.sh	hooks/subagent-contract.sh	4f3b08c3359792a075c94d72ae238fed5b6e52b17ce1a1ee1de370a930595a99
hook	evidence/hooks/subagent-probe.sh	hooks/subagent-probe.sh	9dd4623a90042f2beada89177e4619b78bed5582154bd6c8878cb54d82c3567a
hook	evidence/hooks/verify-gate.sh	hooks/verify-gate.sh	34ec8270bf73a1e85550a6d64247a3e7908a80db91e7a2eb246753731cafacce
agent	execution/agents/analista-fluxos.md	agents/analista-fluxos.md	99416b8d46df8b26b860df81e5ef009c9fcd0b2c6b720504a3b898019e96f4f7
agent	execution/agents/analista-otimalidade.md	agents/analista-otimalidade.md	103b999f42aee7a8fdb6876fc0d3f120264f817eb99c1675db41b5395aff53aa
agent	execution/agents/auditor-seguranca.md	agents/auditor-seguranca.md	e5773f187f2a3c3645808b7430324b66f441b9d0960c2c59cec721e214482db0
agent	execution/agents/implementador.md	agents/implementador.md	2c20c15f057b380ce4289e1e4e6d203df809b3c75cd968a1673370fafe0ff7b4
agent	execution/agents/investigador.md	agents/investigador.md	541c8ab2a77e37c7d65ef6071a4e1a5cbf62cca4bae830c9770eb048781aa118
agent	execution/agents/mapeador-dependencias.md	agents/mapeador-dependencias.md	8c49d523eccf465b286d1d2ca24378232fe52205863c32dc7fbaaadbb683b41d
agent	execution/agents/refutador.md	agents/refutador.md	b0dab9880741ff62f94837f189c7ce32e76faa9f510be87ce23ac7eb55acd3b3
agent	execution/agents/revisor-codigo.md	agents/revisor-codigo.md	8554a970006c8204cfde4edde9c63fe562e0cf1c9b2b96e2f671d53f4625d952
agent	execution/agents/revisor-frontend.md	agents/revisor-frontend.md	b43009e7a342cd876c4ca449b347a39b8ab86b0376d1f028b2b5ef5f72cfa180
agent	execution/agents/tdd.md	agents/tdd.md	6b0b30563b41a7f359f43c6ea634ba1bd874a2910b948d6a6694dd9d754c51b2
skill	execution/skills/promoted/defesa-de-tese	skills/defesa-de-tese	cf99658e841b1733d062d1bfb45078770a855868de1c0875371fa97705545769
skill	execution/skills/promoted/depreciar	skills/depreciar	200de5c6ee7200feeb526bb6ca6fc74de9aa23c9de7adb61a3903e469c1c4270
skill	execution/skills/promoted/design-system-proposal	skills/design-system-proposal	3f79fab91b3e512a62ef02580a46c140a6db8e0f824fe284d09e18d65a807005
skill	execution/skills/promoted/forge	skills/forge	6c0423b10f5fc61d7adeab9fc6c48cc3355ecdf9b5d89795d954385ea140c365
skill	execution/skills/promoted/graphify	skills/graphify	a4bfe5a54e09a4df5e087f5dc5c566beb8b0b5cfab35560d17b9d938c5c668c8
skill	execution/skills/promoted/grill-me	skills/grill-me	186ede6c6fcf04ddbd5f0efc22aafac9003dc7bd9ef8aafab591cf8d683a84be
skill	execution/skills/promoted/prd-to-issues	skills/prd-to-issues	a30d573c4cadbeb262fb09648137fdf7d0cee417679444496db1639329805705
skill	execution/skills/promoted/prd-to-plan	skills/prd-to-plan	066422a4128a43da2e38c268c30ff49783c3afe1bd752a1530bb53207e0bedb3
skill	execution/skills/promoted/write-a-prd	skills/write-a-prd	7877bcac3564c98d6dc6a842047aa691ae12c2b3ceffb32ff73bffa5827ac038
adapter	execution/adapters/code/dotnet.json	evidence-gate/adapters/code/dotnet.json	75838d4cb021adf9c48afd0f7863f7dc66dea362b33988188dbf5a9919922579
adapter	execution/adapters/code/go.json	evidence-gate/adapters/code/go.json	47162accddf5187301305bea16abe82dfbbd5f5ccca85d83ba4bf575d79e6b34
adapter	execution/adapters/code/java.json	evidence-gate/adapters/code/java.json	c20e5d9ab26f6c95e330f136f53e6a764618362329166a2c8ee8240d9ad308fd
adapter	execution/adapters/code/node.json	evidence-gate/adapters/code/node.json	d7527e402fd3c00b8fc361176ff2c3585081c076ad00d1f1ebec04044b2af7c8
adapter	execution/adapters/code/python.json	evidence-gate/adapters/code/python.json	b3181e460a1ae8fccfe781af4dc3528c433e09bfcc36806664395e09c58e3e24
adapter	execution/adapters/code/rust.json	evidence-gate/adapters/code/rust.json	a929e782685e9d382ab618b24950417981e6d8c6e306032593aa10cbcda6328b
adapter	execution/adapters/code/shell.json	evidence-gate/adapters/code/shell.json	79192daf0c241a650d19c8420ef4726c134120800c106b7fef232f53ef3e7e2f
adapter	execution/adapters/documents/media.json	evidence-gate/adapters/documents/media.json	0b0d226f4dc7a8d9892d1799bd882a3ae603f545f4c41c0b5e920b1d1a425f6a
adapter	execution/adapters/documents/office.json	evidence-gate/adapters/documents/office.json	16f674b6a92fc7afb8a1edda3b548a2946fe2b191bfbd55614313249957a10cb
adapter	execution/adapters/documents/pdf.json	evidence-gate/adapters/documents/pdf.json	7e8667fff6769da8786ce7fbe66274dc17eeb58195d13d3a7870f19a5a99395f
adapter	execution/adapters/documents/spreadsheet.json	evidence-gate/adapters/documents/spreadsheet.json	9cc0e33212d2b4fc20a837ae6696ea3f7a688899395c2e02587c6ecfd701fd91
